// !$*UTF8*$!
{
	archiveVersion = 1;
	classes = {
	};
	objectVersion = 55;
	objects = {

/* Begin PBXBuildFile section */
		0377C61028AAC88F00575DA4 /* weatherTestAppApp.swift in Sources */ = {isa = PBXBuildFile; fileRef = 0377C60F28AAC88F00575DA4 /* weatherTestAppApp.swift */; };
		0377C61228AAC88F00575DA4 /* ContentView.swift in Sources */ = {isa = PBXBuildFile; fileRef = 0377C61128AAC88F00575DA4 /* ContentView.swift */; };
		0377C61428AAC89000575DA4 /* Assets.xcassets in Resources */ = {isa = PBXBuildFile; fileRef = 0377C61328AAC89000575DA4 /* Assets.xcassets */; };
		0377C61728AAC89000575DA4 /* Preview Assets.xcassets in Resources */ = {isa = PBXBuildFile; fileRef = 0377C61628AAC89000575DA4 /* Preview Assets.xcassets */; };
		0377C61F28AAC8CE00575DA4 /* NetworkClient.swift in Sources */ = {isa = PBXBuildFile; fileRef = 0377C61E28AAC8CE00575DA4 /* NetworkClient.swift */; };
		0377C62228AACAC400575DA4 /* WeatherDTO.swift in Sources */ = {isa = PBXBuildFile; fileRef = 0377C62128AACAC400575DA4 /* WeatherDTO.swift */; };
		0377C62428AACD9D00575DA4 /* ForecastListDTO.swift in Sources */ = {isa = PBXBuildFile; fileRef = 0377C62328AACD9D00575DA4 /* ForecastListDTO.swift */; };
		0377C62928AAD98200575DA4 /* HomeScreenView.swift in Sources */ = {isa = PBXBuildFile; fileRef = 0377C62828AAD98200575DA4 /* HomeScreenView.swift */; };
		0377C62B28AAD99700575DA4 /* CityWeatherView.swift in Sources */ = {isa = PBXBuildFile; fileRef = 0377C62A28AAD99700575DA4 /* CityWeatherView.swift */; };
		0377C62D28AAD9C200575DA4 /* HomeScreenViewModel.swift in Sources */ = {isa = PBXBuildFile; fileRef = 0377C62C28AAD9C200575DA4 /* HomeScreenViewModel.swift */; };
		0377C63028AB963C00575DA4 /* Kingfisher in Frameworks */ = {isa = PBXBuildFile; productRef = 0377C62F28AB963C00575DA4 /* Kingfisher */; };
		0377C63328ABB35200575DA4 /* Reachability in Frameworks */ = {isa = PBXBuildFile; productRef = 0377C63228ABB35200575DA4 /* Reachability */; };
		0377C63628ABB39400575DA4 /* Realm in Frameworks */ = {isa = PBXBuildFile; productRef = 0377C63528ABB39400575DA4 /* Realm */; };
		0377C63828ABB39400575DA4 /* RealmSwift in Frameworks */ = {isa = PBXBuildFile; productRef = 0377C63728ABB39400575DA4 /* RealmSwift */; };
		0377C63A28ABB41200575DA4 /* ReachabilityManager.swift in Sources */ = {isa = PBXBuildFile; fileRef = 0377C63928ABB41200575DA4 /* ReachabilityManager.swift */; };
		0377C63D28ABB59100575DA4 /* WeatherDB.swift in Sources */ = {isa = PBXBuildFile; fileRef = 0377C63C28ABB59100575DA4 /* WeatherDB.swift */; };
		0377C64128ABCA3300575DA4 /* PreferenceManager.swift in Sources */ = {isa = PBXBuildFile; fileRef = 0377C64028ABCA3300575DA4 /* PreferenceManager.swift */; };
		0377C64328ABFF6200575DA4 /* CityWeatherViewModel.swift in Sources */ = {isa = PBXBuildFile; fileRef = 0377C64228ABFF6200575DA4 /* CityWeatherViewModel.swift */; };
		0377C64628ABFF8000575DA4 /* CityMapView.swift in Sources */ = {isa = PBXBuildFile; fileRef = 0377C64528ABFF7F00575DA4 /* CityMapView.swift */; };
		0377C64928AC200A00575DA4 /* TemperatureScaleView.swift in Sources */ = {isa = PBXBuildFile; fileRef = 0377C64828AC200A00575DA4 /* TemperatureScaleView.swift */; };
		0377C64B28AC202B00575DA4 /* CityCellView.swift in Sources */ = {isa = PBXBuildFile; fileRef = 0377C64A28AC202B00575DA4 /* CityCellView.swift */; };
/* End PBXBuildFile section */

/* Begin PBXFileReference section */
		0377C60C28AAC88F00575DA4 /* weatherTestApp.app */ = {isa = PBXFileReference; explicitFileType = wrapper.application; includeInIndex = 0; path = weatherTestApp.app; sourceTree = BUILT_PRODUCTS_DIR; };
		0377C60F28AAC88F00575DA4 /* weatherTestAppApp.swift */ = {isa = PBXFileReference; lastKnownFileType = sourcecode.swift; path = weatherTestAppApp.swift; sourceTree = "<group>"; };
		0377C61128AAC88F00575DA4 /* ContentView.swift */ = {isa = PBXFileReference; lastKnownFileType = sourcecode.swift; path = ContentView.swift; sourceTree = "<group>"; };
		0377C61328AAC89000575DA4 /* Assets.xcassets */ = {isa = PBXFileReference; lastKnownFileType = folder.assetcatalog; path = Assets.xcassets; sourceTree = "<group>"; };
		0377C61628AAC89000575DA4 /* Preview Assets.xcassets */ = {isa = PBXFileReference; lastKnownFileType = folder.assetcatalog; path = "Preview Assets.xcassets"; sourceTree = "<group>"; };
		0377C61E28AAC8CE00575DA4 /* NetworkClient.swift */ = {isa = PBXFileReference; lastKnownFileType = sourcecode.swift; path = NetworkClient.swift; sourceTree = "<group>"; };
		0377C62128AACAC400575DA4 /* WeatherDTO.swift */ = {isa = PBXFileReference; lastKnownFileType = sourcecode.swift; path = WeatherDTO.swift; sourceTree = "<group>"; };
		0377C62328AACD9D00575DA4 /* ForecastListDTO.swift */ = {isa = PBXFileReference; lastKnownFileType = sourcecode.swift; path = ForecastListDTO.swift; sourceTree = "<group>"; };
		0377C62828AAD98200575DA4 /* HomeScreenView.swift */ = {isa = PBXFileReference; lastKnownFileType = sourcecode.swift; path = HomeScreenView.swift; sourceTree = "<group>"; };
		0377C62A28AAD99700575DA4 /* CityWeatherView.swift */ = {isa = PBXFileReference; lastKnownFileType = sourcecode.swift; path = CityWeatherView.swift; sourceTree = "<group>"; };
		0377C62C28AAD9C200575DA4 /* HomeScreenViewModel.swift */ = {isa = PBXFileReference; lastKnownFileType = sourcecode.swift; path = HomeScreenViewModel.swift; sourceTree = "<group>"; };
		0377C63928ABB41200575DA4 /* ReachabilityManager.swift */ = {isa = PBXFileReference; lastKnownFileType = sourcecode.swift; path = ReachabilityManager.swift; sourceTree = "<group>"; };
		0377C63C28ABB59100575DA4 /* WeatherDB.swift */ = {isa = PBXFileReference; lastKnownFileType = sourcecode.swift; path = WeatherDB.swift; sourceTree = "<group>"; };
		0377C64028ABCA3300575DA4 /* PreferenceManager.swift */ = {isa = PBXFileReference; lastKnownFileType = sourcecode.swift; path = PreferenceManager.swift; sourceTree = "<group>"; };
		0377C64228ABFF6200575DA4 /* CityWeatherViewModel.swift */ = {isa = PBXFileReference; lastKnownFileType = sourcecode.swift; path = CityWeatherViewModel.swift; sourceTree = "<group>"; };
		0377C64528ABFF7F00575DA4 /* CityMapView.swift */ = {isa = PBXFileReference; lastKnownFileType = sourcecode.swift; path = CityMapView.swift; sourceTree = "<group>"; };
		0377C64828AC200A00575DA4 /* TemperatureScaleView.swift */ = {isa = PBXFileReference; lastKnownFileType = sourcecode.swift; path = TemperatureScaleView.swift; sourceTree = "<group>"; };
		0377C64A28AC202B00575DA4 /* CityCellView.swift */ = {isa = PBXFileReference; lastKnownFileType = sourcecode.swift; path = CityCellView.swift; sourceTree = "<group>"; };
/* End PBXFileReference section */

/* Begin PBXFrameworksBuildPhase section */
		0377C60928AAC88F00575DA4 /* Frameworks */ = {
			isa = PBXFrameworksBuildPhase;
			buildActionMask = 2147483647;
			files = (
				0377C63828ABB39400575DA4 /* RealmSwift in Frameworks */,
				0377C63628ABB39400575DA4 /* Realm in Frameworks */,
				0377C63028AB963C00575DA4 /* Kingfisher in Frameworks */,
				0377C63328ABB35200575DA4 /* Reachability in Frameworks */,
			);
			runOnlyForDeploymentPostprocessing = 0;
		};
/* End PBXFrameworksBuildPhase section */

/* Begin PBXGroup section */
		0377C60328AAC88F00575DA4 = {
			isa = PBXGroup;
			children = (
				0377C60E28AAC88F00575DA4 /* weatherTestApp */,
				0377C60D28AAC88F00575DA4 /* Products */,
			);
			sourceTree = "<group>";
		};
		0377C60D28AAC88F00575DA4 /* Products */ = {
			isa = PBXGroup;
			children = (
				0377C60C28AAC88F00575DA4 /* weatherTestApp.app */,
			);
			name = Products;
			sourceTree = "<group>";
		};
		0377C60E28AAC88F00575DA4 /* weatherTestApp */ = {
			isa = PBXGroup;
			children = (
				0377C62528AAD8FE00575DA4 /* Modules */,
				0377C62028AAC9E700575DA4 /* Models */,
				0377C61D28AAC8A000575DA4 /* Helpers */,
				0377C60F28AAC88F00575DA4 /* weatherTestAppApp.swift */,
				0377C61128AAC88F00575DA4 /* ContentView.swift */,
				0377C61328AAC89000575DA4 /* Assets.xcassets */,
				0377C61528AAC89000575DA4 /* Preview Content */,
			);
			path = weatherTestApp;
			sourceTree = "<group>";
		};
		0377C61528AAC89000575DA4 /* Preview Content */ = {
			isa = PBXGroup;
			children = (
				0377C61628AAC89000575DA4 /* Preview Assets.xcassets */,
			);
			path = "Preview Content";
			sourceTree = "<group>";
		};
		0377C61D28AAC8A000575DA4 /* Helpers */ = {
			isa = PBXGroup;
			children = (
				0377C61E28AAC8CE00575DA4 /* NetworkClient.swift */,
				0377C63928ABB41200575DA4 /* ReachabilityManager.swift */,
				0377C64028ABCA3300575DA4 /* PreferenceManager.swift */,
			);
			path = Helpers;
			sourceTree = "<group>";
		};
		0377C62028AAC9E700575DA4 /* Models */ = {
			isa = PBXGroup;
			children = (
				0377C63B28ABB57B00575DA4 /* RealmModels */,
				0377C62128AACAC400575DA4 /* WeatherDTO.swift */,
				0377C62328AACD9D00575DA4 /* ForecastListDTO.swift */,
			);
			path = Models;
			sourceTree = "<group>";
		};
		0377C62528AAD8FE00575DA4 /* Modules */ = {
			isa = PBXGroup;
			children = (
				0377C64428ABFF6B00575DA4 /* CityMap */,
				0377C62728AAD96A00575DA4 /* CityWeather */,
				0377C62628AAD92000575DA4 /* HomeScreen */,
			);
			path = Modules;
			sourceTree = "<group>";
		};
		0377C62628AAD92000575DA4 /* HomeScreen */ = {
			isa = PBXGroup;
			children = (
				0377C64728AC1FEC00575DA4 /* Views */,
				0377C62828AAD98200575DA4 /* HomeScreenView.swift */,
				0377C62C28AAD9C200575DA4 /* HomeScreenViewModel.swift */,
			);
			path = HomeScreen;
			sourceTree = "<group>";
		};
		0377C62728AAD96A00575DA4 /* CityWeather */ = {
			isa = PBXGroup;
			children = (
				0377C62A28AAD99700575DA4 /* CityWeatherView.swift */,
				0377C64228ABFF6200575DA4 /* CityWeatherViewModel.swift */,
			);
			path = CityWeather;
			sourceTree = "<group>";
		};
		0377C63B28ABB57B00575DA4 /* RealmModels */ = {
			isa = PBXGroup;
			children = (
				0377C63C28ABB59100575DA4 /* WeatherDB.swift */,
			);
			path = RealmModels;
			sourceTree = "<group>";
		};
		0377C64428ABFF6B00575DA4 /* CityMap */ = {
			isa = PBXGroup;
			children = (
				0377C64528ABFF7F00575DA4 /* CityMapView.swift */,
			);
			path = CityMap;
			sourceTree = "<group>";
		};
		0377C64728AC1FEC00575DA4 /* Views */ = {
			isa = PBXGroup;
			children = (
				0377C64828AC200A00575DA4 /* TemperatureScaleView.swift */,
				0377C64A28AC202B00575DA4 /* CityCellView.swift */,
			);
			path = Views;
			sourceTree = "<group>";
		};
/* End PBXGroup section */

/* Begin PBXNativeTarget section */
		0377C60B28AAC88F00575DA4 /* weatherTestApp */ = {
			isa = PBXNativeTarget;
			buildConfigurationList = 0377C61A28AAC89000575DA4 /* Build configuration list for PBXNativeTarget "weatherTestApp" */;
			buildPhases = (
				0377C60828AAC88F00575DA4 /* Sources */,
				0377C60928AAC88F00575DA4 /* Frameworks */,
				0377C60A28AAC88F00575DA4 /* Resources */,
			);
			buildRules = (
			);
			dependencies = (
			);
			name = weatherTestApp;
			packageProductDependencies = (
				0377C62F28AB963C00575DA4 /* Kingfisher */,
				0377C63228ABB35200575DA4 /* Reachability */,
				0377C63528ABB39400575DA4 /* Realm */,
				0377C63728ABB39400575DA4 /* RealmSwift */,
			);
			productName = weatherTestApp;
			productReference = 0377C60C28AAC88F00575DA4 /* weatherTestApp.app */;
			productType = "com.apple.product-type.application";
		};
/* End PBXNativeTarget section */

/* Begin PBXProject section */
		0377C60428AAC88F00575DA4 /* Project object */ = {
			isa = PBXProject;
			attributes = {
				BuildIndependentTargetsInParallel = 1;
				LastSwiftUpdateCheck = 1340;
				LastUpgradeCheck = 1340;
				TargetAttributes = {
					0377C60B28AAC88F00575DA4 = {
						CreatedOnToolsVersion = 13.4.1;
					};
				};
			};
			buildConfigurationList = 0377C60728AAC88F00575DA4 /* Build configuration list for PBXProject "weatherTestApp" */;
			compatibilityVersion = "Xcode 13.0";
			developmentRegion = en;
			hasScannedForEncodings = 0;
			knownRegions = (
				en,
				Base,
			);
			mainGroup = 0377C60328AAC88F00575DA4;
			packageReferences = (
				0377C62E28AB963C00575DA4 /* XCRemoteSwiftPackageReference "Kingfisher" */,
				0377C63128ABB35200575DA4 /* XCRemoteSwiftPackageReference "Reachability.swift" */,
				0377C63428ABB39400575DA4 /* XCRemoteSwiftPackageReference "realm-swift" */,
			);
			productRefGroup = 0377C60D28AAC88F00575DA4 /* Products */;
			projectDirPath = "";
			projectRoot = "";
			targets = (
				0377C60B28AAC88F00575DA4 /* weatherTestApp */,
			);
		};
/* End PBXProject section */

/* Begin PBXResourcesBuildPhase section */
		0377C60A28AAC88F00575DA4 /* Resources */ = {
			isa = PBXResourcesBuildPhase;
			buildActionMask = 2147483647;
			files = (
				0377C61728AAC89000575DA4 /* Preview Assets.xcassets in Resources */,
				0377C61428AAC89000575DA4 /* Assets.xcassets in Resources */,
			);
			runOnlyForDeploymentPostprocessing = 0;
		};
/* End PBXResourcesBuildPhase section */

/* Begin PBXSourcesBuildPhase section */
		0377C60828AAC88F00575DA4 /* Sources */ = {
			isa = PBXSourcesBuildPhase;
			buildActionMask = 2147483647;
			files = (
				0377C64628ABFF8000575DA4 /* CityMapView.swift in Sources */,
				0377C64B28AC202B00575DA4 /* CityCellView.swift in Sources */,
				0377C62B28AAD99700575DA4 /* CityWeatherView.swift in Sources */,
				0377C64928AC200A00575DA4 /* TemperatureScaleView.swift in Sources */,
				0377C62D28AAD9C200575DA4 /* HomeScreenViewModel.swift in Sources */,
				0377C61228AAC88F00575DA4 /* ContentView.swift in Sources */,
				0377C62428AACD9D00575DA4 /* ForecastListDTO.swift in Sources */,
				0377C64128ABCA3300575DA4 /* PreferenceManager.swift in Sources */,
				0377C63A28ABB41200575DA4 /* ReachabilityManager.swift in Sources */,
				0377C61028AAC88F00575DA4 /* weatherTestAppApp.swift in Sources */,
				0377C63D28ABB59100575DA4 /* WeatherDB.swift in Sources */,
				0377C64328ABFF6200575DA4 /* CityWeatherViewModel.swift in Sources */,
				0377C62928AAD98200575DA4 /* HomeScreenView.swift in Sources */,
				0377C62228AACAC400575DA4 /* WeatherDTO.swift in Sources */,
				0377C61F28AAC8CE00575DA4 /* NetworkClient.swift in Sources */,
			);
			runOnlyForDeploymentPostprocessing = 0;
		};
/* End PBXSourcesBuildPhase section */

/* Begin XCBuildConfiguration section */
		0377C61828AAC89000575DA4 /* Debug */ = {
			isa = XCBuildConfiguration;
			buildSettings = {
				ALWAYS_SEARCH_USER_PATHS = NO;
				CLANG_ANALYZER_NONNULL = YES;
				CLANG_ANALYZER_NUMBER_OBJECT_CONVERSION = YES_AGGRESSIVE;
				CLANG_CXX_LANGUAGE_STANDARD = "gnu++17";
				CLANG_ENABLE_MODULES = YES;
				CLANG_ENABLE_OBJC_ARC = YES;
				CLANG_ENABLE_OBJC_WEAK = YES;
				CLANG_WARN_BLOCK_CAPTURE_AUTORELEASING = YES;
				CLANG_WARN_BOOL_CONVERSION = YES;
				CLANG_WARN_COMMA = YES;
				CLANG_WARN_CONSTANT_CONVERSION = YES;
				CLANG_WARN_DEPRECATED_OBJC_IMPLEMENTATIONS = YES;
				CLANG_WARN_DIRECT_OBJC_ISA_USAGE = YES_ERROR;
				CLANG_WARN_DOCUMENTATION_COMMENTS = YES;
				CLANG_WARN_EMPTY_BODY = YES;
				CLANG_WARN_ENUM_CONVERSION = YES;
				CLANG_WARN_INFINITE_RECURSION = YES;
				CLANG_WARN_INT_CONVERSION = YES;
				CLANG_WARN_NON_LITERAL_NULL_CONVERSION = YES;
				CLANG_WARN_OBJC_IMPLICIT_RETAIN_SELF = YES;
				CLANG_WARN_OBJC_LITERAL_CONVERSION = YES;
				CLANG_WARN_OBJC_ROOT_CLASS = YES_ERROR;
				CLANG_WARN_QUOTED_INCLUDE_IN_FRAMEWORK_HEADER = YES;
				CLANG_WARN_RANGE_LOOP_ANALYSIS = YES;
				CLANG_WARN_STRICT_PROTOTYPES = YES;
				CLANG_WARN_SUSPICIOUS_MOVE = YES;
				CLANG_WARN_UNGUARDED_AVAILABILITY = YES_AGGRESSIVE;
				CLANG_WARN_UNREACHABLE_CODE = YES;
				CLANG_WARN__DUPLICATE_METHOD_MATCH = YES;
				COPY_PHASE_STRIP = NO;
				DEBUG_INFORMATION_FORMAT = dwarf;
				ENABLE_STRICT_OBJC_MSGSEND = YES;
				ENABLE_TESTABILITY = YES;
				GCC_C_LANGUAGE_STANDARD = gnu11;
				GCC_DYNAMIC_NO_PIC = NO;
				GCC_NO_COMMON_BLOCKS = YES;
				GCC_OPTIMIZATION_LEVEL = 0;
				GCC_PREPROCESSOR_DEFINITIONS = (
					"DEBUG=1",
					"$(inherited)",
				);
				GCC_WARN_64_TO_32_BIT_CONVERSION = YES;
				GCC_WARN_ABOUT_RETURN_TYPE = YES_ERROR;
				GCC_WARN_UNDECLARED_SELECTOR = YES;
				GCC_WARN_UNINITIALIZED_AUTOS = YES_AGGRESSIVE;
				GCC_WARN_UNUSED_FUNCTION = YES;
				GCC_WARN_UNUSED_VARIABLE = YES;
				IPHONEOS_DEPLOYMENT_TARGET = 15.5;
				MTL_ENABLE_DEBUG_INFO = INCLUDE_SOURCE;
				MTL_FAST_MATH = YES;
				ONLY_ACTIVE_ARCH = YES;
				SDKROOT = iphoneos;
				SWIFT_ACTIVE_COMPILATION_CONDITIONS = DEBUG;
				SWIFT_OPTIMIZATION_LEVEL = "-Onone";
			};
			name = Debug;
		};
		0377C61928AAC89000575DA4 /* Release */ = {
			isa = XCBuildConfiguration;
			buildSettings = {
				ALWAYS_SEARCH_USER_PATHS = NO;
				CLANG_ANALYZER_NONNULL = YES;
				CLANG_ANALYZER_NUMBER_OBJECT_CONVERSION = YES_AGGRESSIVE;
				CLANG_CXX_LANGUAGE_STANDARD = "gnu++17";
				CLANG_ENABLE_MODULES = YES;
				CLANG_ENABLE_OBJC_ARC = YES;
				CLANG_ENABLE_OBJC_WEAK = YES;
				CLANG_WARN_BLOCK_CAPTURE_AUTORELEASING = YES;
				CLANG_WARN_BOOL_CONVERSION = YES;
				CLANG_WARN_COMMA = YES;
				CLANG_WARN_CONSTANT_CONVERSION = YES;
				CLANG_WARN_DEPRECATED_OBJC_IMPLEMENTATIONS = YES;
				CLANG_WARN_DIRECT_OBJC_ISA_USAGE = YES_ERROR;
				CLANG_WARN_DOCUMENTATION_COMMENTS = YES;
				CLANG_WARN_EMPTY_BODY = YES;
				CLANG_WARN_ENUM_CONVERSION = YES;
				CLANG_WARN_INFINITE_RECURSION = YES;
				CLANG_WARN_INT_CONVERSION = YES;
				CLANG_WARN_NON_LITERAL_NULL_CONVERSION = YES;
				CLANG_WARN_OBJC_IMPLICIT_RETAIN_SELF = YES;
				CLANG_WARN_OBJC_LITERAL_CONVERSION = YES;
				CLANG_WARN_OBJC_ROOT_CLASS = YES_ERROR;
				CLANG_WARN_QUOTED_INCLUDE_IN_FRAMEWORK_HEADER = YES;
				CLANG_WARN_RANGE_LOOP_ANALYSIS = YES;
				CLANG_WARN_STRICT_PROTOTYPES = YES;
				CLANG_WARN_SUSPICIOUS_MOVE = YES;
				CLANG_WARN_UNGUARDED_AVAILABILITY = YES_AGGRESSIVE;
				CLANG_WARN_UNREACHABLE_CODE = YES;
				CLANG_WARN__DUPLICATE_METHOD_MATCH = YES;
				COPY_PHASE_STRIP = NO;
				DEBUG_INFORMATION_FORMAT = "dwarf-with-dsym";
				ENABLE_NS_ASSERTIONS = NO;
				ENABLE_STRICT_OBJC_MSGSEND = YES;
				GCC_C_LANGUAGE_STANDARD = gnu11;
				GCC_NO_COMMON_BLOCKS = YES;
				GCC_WARN_64_TO_32_BIT_CONVERSION = YES;
				GCC_WARN_ABOUT_RETURN_TYPE = YES_ERROR;
				GCC_WARN_UNDECLARED_SELECTOR = YES;
				GCC_WARN_UNINITIALIZED_AUTOS = YES_AGGRESSIVE;
				GCC_WARN_UNUSED_FUNCTION = YES;
				GCC_WARN_UNUSED_VARIABLE = YES;
				IPHONEOS_DEPLOYMENT_TARGET = 15.5;
				MTL_ENABLE_DEBUG_INFO = NO;
				MTL_FAST_MATH = YES;
				SDKROOT = iphoneos;
				SWIFT_COMPILATION_MODE = wholemodule;
				SWIFT_OPTIMIZATION_LEVEL = "-O";
				VALIDATE_PRODUCT = YES;
			};
			name = Release;
		};
		0377C61B28AAC89000575DA4 /* Debug */ = {
			isa = XCBuildConfiguration;
			buildSettings = {
				ASSETCATALOG_COMPILER_APPICON_NAME = AppIcon;
				ASSETCATALOG_COMPILER_GLOBAL_ACCENT_COLOR_NAME = AccentColor;
				CODE_SIGN_STYLE = Automatic;
				CURRENT_PROJECT_VERSION = 1;
				DEVELOPMENT_ASSET_PATHS = "\"weatherTestApp/Preview Content\"";
				ENABLE_PREVIEWS = YES;
				GENERATE_INFOPLIST_FILE = YES;
				INFOPLIST_KEY_UIApplicationSceneManifest_Generation = YES;
				INFOPLIST_KEY_UIApplicationSupportsIndirectInputEvents = YES;
				INFOPLIST_KEY_UILaunchScreen_Generation = YES;
				INFOPLIST_KEY_UISupportedInterfaceOrientations_iPad = "UIInterfaceOrientationPortrait UIInterfaceOrientationPortraitUpsideDown UIInterfaceOrientationLandscapeLeft UIInterfaceOrientationLandscapeRight";
				INFOPLIST_KEY_UISupportedInterfaceOrientations_iPhone = "UIInterfaceOrientationPortrait UIInterfaceOrientationLandscapeLeft UIInterfaceOrientationLandscapeRight";
				LD_RUNPATH_SEARCH_PATHS = (
					"$(inherited)",
					"@executable_path/Frameworks",
				);
				MARKETING_VERSION = 1.0;
				PRODUCT_BUNDLE_IDENTIFIER = test.weatherTestApp;
				PRODUCT_NAME = "$(TARGET_NAME)";
				SWIFT_EMIT_LOC_STRINGS = YES;
				SWIFT_VERSION = 5.0;
				TARGETED_DEVICE_FAMILY = "1,2";
			};
			name = Debug;
		};
		0377C61C28AAC89000575DA4 /* Release */ = {
			isa = XCBuildConfiguration;
			buildSettings = {
				ASSETCATALOG_COMPILER_APPICON_NAME = AppIcon;
				ASSETCATALOG_COMPILER_GLOBAL_ACCENT_COLOR_NAME = AccentColor;
				CODE_SIGN_STYLE = Automatic;
				CURRENT_PROJECT_VERSION = 1;
				DEVELOPMENT_ASSET_PATHS = "\"weatherTestApp/Preview Content\"";
				ENABLE_PREVIEWS = YES;
				GENERATE_INFOPLIST_FILE = YES;
				INFOPLIST_KEY_UIApplicationSceneManifest_Generation = YES;
				INFOPLIST_KEY_UIApplicationSupportsIndirectInputEvents = YES;
				INFOPLIST_KEY_UILaunchScreen_Generation = YES;
				INFOPLIST_KEY_UISupportedInterfaceOrientations_iPad = "UIInterfaceOrientationPortrait UIInterfaceOrientationPortraitUpsideDown UIInterfaceOrientationLandscapeLeft UIInterfaceOrientationLandscapeRight";
				INFOPLIST_KEY_UISupportedInterfaceOrientations_iPhone = "UIInterfaceOrientationPortrait UIInterfaceOrientationLandscapeLeft UIInterfaceOrientationLandscapeRight";
				LD_RUNPATH_SEARCH_PATHS = (
					"$(inherited)",
					"@executable_path/Frameworks",
				);
				MARKETING_VERSION = 1.0;
				PRODUCT_BUNDLE_IDENTIFIER = test.weatherTestApp;
				PRODUCT_NAME = "$(TARGET_NAME)";
				SWIFT_EMIT_LOC_STRINGS = YES;
				SWIFT_VERSION = 5.0;
				TARGETED_DEVICE_FAMILY = "1,2";
			};
			name = Release;
		};
/* End XCBuildConfiguration section */

/* Begin XCConfigurationList section */
		0377C60728AAC88F00575DA4 /* Build configuration list for PBXProject "weatherTestApp" */ = {
			isa = XCConfigurationList;
			buildConfigurations = (
				0377C61828AAC89000575DA4 /* Debug */,
				0377C61928AAC89000575DA4 /* Release */,
			);
			defaultConfigurationIsVisible = 0;
			defaultConfigurationName = Release;
		};
		0377C61A28AAC89000575DA4 /* Build configuration list for PBXNativeTarget "weatherTestApp" */ = {
			isa = XCConfigurationList;
			buildConfigurations = (
				0377C61B28AAC89000575DA4 /* Debug */,
				0377C61C28AAC89000575DA4 /* Release */,
			);
			defaultConfigurationIsVisible = 0;
			defaultConfigurationName = Release;
		};
/* End XCConfigurationList section */

/* Begin XCRemoteSwiftPackageReference section */
		0377C62E28AB963C00575DA4 /* XCRemoteSwiftPackageReference "Kingfisher" */ = {
			isa = XCRemoteSwiftPackageReference;
			repositoryURL = "https://github.com/onevcat/Kingfisher.git";
			requirement = {
				kind = upToNextMajorVersion;
				minimumVersion = 7.0.0;
			};
		};
		0377C63128ABB35200575DA4 /* XCRemoteSwiftPackageReference "Reachability.swift" */ = {
			isa = XCRemoteSwiftPackageReference;
			repositoryURL = "https://github.com/ashleymills/Reachability.swift.git";
			requirement = {
				branch = master;
				kind = branch;
			};
		};
		0377C63428ABB39400575DA4 /* XCRemoteSwiftPackageReference "realm-swift" */ = {
			isa = XCRemoteSwiftPackageReference;
			repositoryURL = "https://github.com/realm/realm-swift.git";
			requirement = {
				branch = master;
				kind = branch;
			};
		};
/* End XCRemoteSwiftPackageReference section */

/* Begin XCSwiftPackageProductDependency section */
		0377C62F28AB963C00575DA4 /* Kingfisher */ = {
			isa = XCSwiftPackageProductDependency;
			package = 0377C62E28AB963C00575DA4 /* XCRemoteSwiftPackageReference "Kingfisher" */;
			productName = Kingfisher;
		};
		0377C63228ABB35200575DA4 /* Reachability */ = {
			isa = XCSwiftPackageProductDependency;
			package = 0377C63128ABB35200575DA4 /* XCRemoteSwiftPackageReference "Reachability.swift" */;
			productName = Reachability;
		};
		0377C63528ABB39400575DA4 /* Realm */ = {
			isa = XCSwiftPackageProductDependency;
			package = 0377C63428ABB39400575DA4 /* XCRemoteSwiftPackageReference "realm-swift" */;
			productName = Realm;
		};
		0377C63728ABB39400575DA4 /* RealmSwift */ = {
			isa = XCSwiftPackageProductDependency;
			package = 0377C63428ABB39400575DA4 /* XCRemoteSwiftPackageReference "realm-swift" */;
			productName = RealmSwift;
		};
/* End XCSwiftPackageProductDependency section */
	};
	rootObject = 0377C60428AAC88F00575DA4 /* Project object */;
}
